
Microsoft Visual Studio Solution File, Format Version 12.00
# Visual Studio Version 17
VisualStudioVersion = 17.14.36414.22 d17.14
MinimumVisualStudioVersion = 10.0.40219.1
Project("{FAE04EC0-301F-11D3-BF4B-00C04F79EFBC}") = "IOC.API", "IOC.API\IOC.API.csproj", "{68A0D6DB-869B-44E4-92EC-C95622D88755}"
EndProject
Project("{FAE04EC0-301F-11D3-BF4B-00C04F79EFBC}") = "IOC.Domain", "IOC.Domain\IOC.Domain.csproj", "{A41809A3-B7D0-47F8-92F3-CC70DB6C965C}"
EndProject
Project("{FAE04EC0-301F-11D3-BF4B-00C04F79EFBC}") = "IOC.Application", "IOC.Application\IOC.Application.csproj", "{0EFCF989-8B05-4150-9EF1-41BFD94C5DB4}"
EndProject
Project("{FAE04EC0-301F-11D3-BF4B-00C04F79EFBC}") = "IOC.Infrastructure", "IOC.Infrastructure\IOC.Infrastructure.csproj", "{04C694F8-A3F5-4CFD-9B96-0D09D15EF503}"
EndProject
Global
	GlobalSection(SolutionConfigurationPlatforms) = preSolution
		Debug|Any CPU = Debug|Any CPU
		Release|Any CPU = Release|Any CPU
	EndGlobalSection
	GlobalSection(ProjectConfigurationPlatforms) = postSolution
		{68A0D6DB-869B-44E4-92EC-C95622D88755}.Debug|Any CPU.ActiveCfg = Debug|Any CPU
		{68A0D6DB-869B-44E4-92EC-C95622D88755}.Debug|Any CPU.Build.0 = Debug|Any CPU
		{68A0D6DB-869B-44E4-92EC-C95622D88755}.Release|Any CPU.ActiveCfg = Release|Any CPU
		{68A0D6DB-869B-44E4-92EC-C95622D88755}.Release|Any CPU.Build.0 = Release|Any CPU
		{A41809A3-B7D0-47F8-92F3-CC70DB6C965C}.Debug|Any CPU.ActiveCfg = Debug|Any CPU
		{A41809A3-B7D0-47F8-92F3-CC70DB6C965C}.Debug|Any CPU.Build.0 = Debug|Any CPU
		{A41809A3-B7D0-47F8-92F3-CC70DB6C965C}.Release|Any CPU.ActiveCfg = Release|Any CPU
		{A41809A3-B7D0-47F8-92F3-CC70DB6C965C}.Release|Any CPU.Build.0 = Release|Any CPU
		{0EFCF989-8B05-4150-9EF1-41BFD94C5DB4}.Debug|Any CPU.ActiveCfg = Debug|Any CPU
		{0EFCF989-8B05-4150-9EF1-41BFD94C5DB4}.Debug|Any CPU.Build.0 = Debug|Any CPU
		{0EFCF989-8B05-4150-9EF1-41BFD94C5DB4}.Release|Any CPU.ActiveCfg = Release|Any CPU
		{0EFCF989-8B05-4150-9EF1-41BFD94C5DB4}.Release|Any CPU.Build.0 = Release|Any CPU
		{04C694F8-A3F5-4CFD-9B96-0D09D15EF503}.Debug|Any CPU.ActiveCfg = Debug|Any CPU
		{04C694F8-A3F5-4CFD-9B96-0D09D15EF503}.Debug|Any CPU.Build.0 = Debug|Any CPU
		{04C694F8-A3F5-4CFD-9B96-0D09D15EF503}.Release|Any CPU.ActiveCfg = Release|Any CPU
		{04C694F8-A3F5-4CFD-9B96-0D09D15EF503}.Release|Any CPU.Build.0 = Release|Any CPU
	EndGlobalSection
	GlobalSection(SolutionProperties) = preSolution
		HideSolutionNode = FALSE
	EndGlobalSection
	GlobalSection(ExtensibilityGlobals) = postSolution
		SolutionGuid = {DFB6F175-68F2-4B68-81B4-75B4CCE569C0}
	EndGlobalSection
EndGlobal
